
Microsoft Visual Studio Solution File, Format Version 11.00
# Visual Studio 2011
# $Id: VC11WorkspaceCreator.pm 2074 2011-12-20 11:43:14Z johnnyw $
#
# This file was generated by MPC.  Any changes made directly to
# this file will be lost the next time it is generated.
#
# MPC Command:
# /home/build/DOC_ROOT/stage-1365/ACE_wrappers/bin/mwc.pl -type vc11 -exclude TAO/CIAO/CIAO_TAO_DAnCE_OpenDDS.mwc,TAO/CIAO/CIAO_TAO_OpenDDS.mwc,TAO/CIAO/CIAO_TAO_DAnCE_OpenDDS_shapes.mwc -recurse -hierarchy -relative ACE_ROOT=/home/build/DOC_ROOT/stage-1365/ACE_wrappers -relative TAO_ROOT=/home/build/DOC_ROOT/stage-1365/ACE_wrappers/TAO -relative CIAO_ROOT=/home/build/DOC_ROOT/stage-1365/ACE_wrappers/TAO/CIAO -relative DANCE_ROOT=/home/build/DOC_ROOT/stage-1365/ACE_wrappers/TAO/DAnCE -workers 12 -name_modifier "*_vc11"
Project("{8BC9CEB8-8B4A-11D0-8D11-00A0C91BC942}") = "WFMO_Reactor_APC", "WFMO_Reactor_APC_vc11.vcxproj", "{17FB5739-FECA-1BAD-701A-2E512E45D4CA}"
EndProject
Project("{8BC9CEB8-8B4A-11D0-8D11-00A0C91BC942}") = "WFMO_Reactor_Abandoned", "WFMO_Reactor_Abandoned_vc11.vcxproj", "{429B09C0-FECA-1BAD-701A-2E512E45D4CA}"
EndProject
Project("{8BC9CEB8-8B4A-11D0-8D11-00A0C91BC942}") = "WFMO_Reactor_Console_Input", "WFMO_Reactor_Console_Input_vc11.vcxproj", "{D0378C0B-FECA-1BAD-701A-2E512E45D4CA}"
EndProject
Project("{8BC9CEB8-8B4A-11D0-8D11-00A0C91BC942}") = "WFMO_Reactor_Directory_Changes", "WFMO_Reactor_Directory_Changes_vc11.vcxproj", "{567A6CD3-FECA-1BAD-701A-2E512E45D4CA}"
EndProject
Project("{8BC9CEB8-8B4A-11D0-8D11-00A0C91BC942}") = "WFMO_Reactor_Exceptions", "WFMO_Reactor_Exceptions_vc11.vcxproj", "{9F0B01DA-FECA-1BAD-701A-2E512E45D4CA}"
EndProject
Project("{8BC9CEB8-8B4A-11D0-8D11-00A0C91BC942}") = "WFMO_Reactor_Handle_Close", "WFMO_Reactor_Handle_Close_vc11.vcxproj", "{DFE640A8-FECA-1BAD-701A-2E512E45D4CA}"
EndProject
Project("{8BC9CEB8-8B4A-11D0-8D11-00A0C91BC942}") = "WFMO_Reactor_Multithreading", "WFMO_Reactor_Multithreading_vc11.vcxproj", "{B6AE0B93-FECA-1BAD-701A-2E512E45D4CA}"
EndProject
Project("{8BC9CEB8-8B4A-11D0-8D11-00A0C91BC942}") = "WFMO_Reactor_Network_Events", "WFMO_Reactor_Network_Events_vc11.vcxproj", "{EB8FF8FA-FECA-1BAD-701A-2E512E45D4CA}"
EndProject
Project("{8BC9CEB8-8B4A-11D0-8D11-00A0C91BC942}") = "WFMO_Reactor_Prerun_State_Changes", "WFMO_Reactor_Prerun_State_Changes_vc11.vcxproj", "{10F4AFD1-FECA-1BAD-701A-2E512E45D4CA}"
EndProject
Project("{8BC9CEB8-8B4A-11D0-8D11-00A0C91BC942}") = "WFMO_Reactor_Registration", "WFMO_Reactor_Registration_vc11.vcxproj", "{EA987F8A-FECA-1BAD-701A-2E512E45D4CA}"
EndProject
Project("{8BC9CEB8-8B4A-11D0-8D11-00A0C91BC942}") = "WFMO_Reactor_Registry_Changes", "WFMO_Reactor_Registry_Changes_vc11.vcxproj", "{2A170B04-FECA-1BAD-701A-2E512E45D4CA}"
EndProject
Project("{8BC9CEB8-8B4A-11D0-8D11-00A0C91BC942}") = "WFMO_Reactor_Removals", "WFMO_Reactor_Removals_vc11.vcxproj", "{76DC5F18-FECA-1BAD-701A-2E512E45D4CA}"
EndProject
Project("{8BC9CEB8-8B4A-11D0-8D11-00A0C91BC942}") = "WFMO_Reactor_Suspended_Removals", "WFMO_Reactor_Suspended_Removals_vc11.vcxproj", "{5A6E7EF7-FECA-1BAD-701A-2E512E45D4CA}"
EndProject
Project("{8BC9CEB8-8B4A-11D0-8D11-00A0C91BC942}") = "WFMO_Reactor_Talker", "WFMO_Reactor_Talker_vc11.vcxproj", "{B2D150A0-FECA-1BAD-701A-2E512E45D4CA}"
EndProject
Project("{8BC9CEB8-8B4A-11D0-8D11-00A0C91BC942}") = "WFMO_Reactor_Timeouts", "WFMO_Reactor_Timeouts_vc11.vcxproj", "{2EDA9FA0-FECA-1BAD-701A-2E512E45D4CA}"
EndProject
Project("{8BC9CEB8-8B4A-11D0-8D11-00A0C91BC942}") = "WFMO_Reactor_Window_Messages", "WFMO_Reactor_Window_Messages_vc11.vcxproj", "{81B72E1A-FECA-1BAD-701A-2E512E45D4CA}"
EndProject
Global
	GlobalSection(SolutionConfigurationPlatforms) = preSolution
		Debug|Win32 = Debug|Win32
		Debug|x64 = Debug|x64
		Release|Win32 = Release|Win32
		Release|x64 = Release|x64
	EndGlobalSection
	GlobalSection(ProjectConfigurationPlatforms) = postSolution
		{17FB5739-FECA-1BAD-701A-2E512E45D4CA}.Debug|Win32.ActiveCfg = Debug|Win32
		{17FB5739-FECA-1BAD-701A-2E512E45D4CA}.Debug|Win32.Build.0 = Debug|Win32
		{17FB5739-FECA-1BAD-701A-2E512E45D4CA}.Debug|x64.ActiveCfg = Debug|x64
		{17FB5739-FECA-1BAD-701A-2E512E45D4CA}.Debug|x64.Build.0 = Debug|x64
		{17FB5739-FECA-1BAD-701A-2E512E45D4CA}.Release|Win32.ActiveCfg = Release|Win32
		{17FB5739-FECA-1BAD-701A-2E512E45D4CA}.Release|Win32.Build.0 = Release|Win32
		{17FB5739-FECA-1BAD-701A-2E512E45D4CA}.Release|x64.ActiveCfg = Release|x64
		{17FB5739-FECA-1BAD-701A-2E512E45D4CA}.Release|x64.Build.0 = Release|x64
		{429B09C0-FECA-1BAD-701A-2E512E45D4CA}.Debug|Win32.ActiveCfg = Debug|Win32
		{429B09C0-FECA-1BAD-701A-2E512E45D4CA}.Debug|Win32.Build.0 = Debug|Win32
		{429B09C0-FECA-1BAD-701A-2E512E45D4CA}.Debug|x64.ActiveCfg = Debug|x64
		{429B09C0-FECA-1BAD-701A-2E512E45D4CA}.Debug|x64.Build.0 = Debug|x64
		{429B09C0-FECA-1BAD-701A-2E512E45D4CA}.Release|Win32.ActiveCfg = Release|Win32
		{429B09C0-FECA-1BAD-701A-2E512E45D4CA}.Release|Win32.Build.0 = Release|Win32
		{429B09C0-FECA-1BAD-701A-2E512E45D4CA}.Release|x64.ActiveCfg = Release|x64
		{429B09C0-FECA-1BAD-701A-2E512E45D4CA}.Release|x64.Build.0 = Release|x64
		{D0378C0B-FECA-1BAD-701A-2E512E45D4CA}.Debug|Win32.ActiveCfg = Debug|Win32
		{D0378C0B-FECA-1BAD-701A-2E512E45D4CA}.Debug|Win32.Build.0 = Debug|Win32
		{D0378C0B-FECA-1BAD-701A-2E512E45D4CA}.Debug|x64.ActiveCfg = Debug|x64
		{D0378C0B-FECA-1BAD-701A-2E512E45D4CA}.Debug|x64.Build.0 = Debug|x64
		{D0378C0B-FECA-1BAD-701A-2E512E45D4CA}.Release|Win32.ActiveCfg = Release|Win32
		{D0378C0B-FECA-1BAD-701A-2E512E45D4CA}.Release|Win32.Build.0 = Release|Win32
		{D0378C0B-FECA-1BAD-701A-2E512E45D4CA}.Release|x64.ActiveCfg = Release|x64
		{D0378C0B-FECA-1BAD-701A-2E512E45D4CA}.Release|x64.Build.0 = Release|x64
		{567A6CD3-FECA-1BAD-701A-2E512E45D4CA}.Debug|Win32.ActiveCfg = Debug|Win32
		{567A6CD3-FECA-1BAD-701A-2E512E45D4CA}.Debug|Win32.Build.0 = Debug|Win32
		{567A6CD3-FECA-1BAD-701A-2E512E45D4CA}.Debug|x64.ActiveCfg = Debug|x64
		{567A6CD3-FECA-1BAD-701A-2E512E45D4CA}.Debug|x64.Build.0 = Debug|x64
		{567A6CD3-FECA-1BAD-701A-2E512E45D4CA}.Release|Win32.ActiveCfg = Release|Win32
		{567A6CD3-FECA-1BAD-701A-2E512E45D4CA}.Release|Win32.Build.0 = Release|Win32
		{567A6CD3-FECA-1BAD-701A-2E512E45D4CA}.Release|x64.ActiveCfg = Release|x64
		{567A6CD3-FECA-1BAD-701A-2E512E45D4CA}.Release|x64.Build.0 = Release|x64
		{9F0B01DA-FECA-1BAD-701A-2E512E45D4CA}.Debug|Win32.ActiveCfg = Debug|Win32
		{9F0B01DA-FECA-1BAD-701A-2E512E45D4CA}.Debug|Win32.Build.0 = Debug|Win32
		{9F0B01DA-FECA-1BAD-701A-2E512E45D4CA}.Debug|x64.ActiveCfg = Debug|x64
		{9F0B01DA-FECA-1BAD-701A-2E512E45D4CA}.Debug|x64.Build.0 = Debug|x64
		{9F0B01DA-FECA-1BAD-701A-2E512E45D4CA}.Release|Win32.ActiveCfg = Release|Win32
		{9F0B01DA-FECA-1BAD-701A-2E512E45D4CA}.Release|Win32.Build.0 = Release|Win32
		{9F0B01DA-FECA-1BAD-701A-2E512E45D4CA}.Release|x64.ActiveCfg = Release|x64
		{9F0B01DA-FECA-1BAD-701A-2E512E45D4CA}.Release|x64.Build.0 = Release|x64
		{DFE640A8-FECA-1BAD-701A-2E512E45D4CA}.Debug|Win32.ActiveCfg = Debug|Win32
		{DFE640A8-FECA-1BAD-701A-2E512E45D4CA}.Debug|Win32.Build.0 = Debug|Win32
		{DFE640A8-FECA-1BAD-701A-2E512E45D4CA}.Debug|x64.ActiveCfg = Debug|x64
		{DFE640A8-FECA-1BAD-701A-2E512E45D4CA}.Debug|x64.Build.0 = Debug|x64
		{DFE640A8-FECA-1BAD-701A-2E512E45D4CA}.Release|Win32.ActiveCfg = Release|Win32
		{DFE640A8-FECA-1BAD-701A-2E512E45D4CA}.Release|Win32.Build.0 = Release|Win32
		{DFE640A8-FECA-1BAD-701A-2E512E45D4CA}.Release|x64.ActiveCfg = Release|x64
		{DFE640A8-FECA-1BAD-701A-2E512E45D4CA}.Release|x64.Build.0 = Release|x64
		{B6AE0B93-FECA-1BAD-701A-2E512E45D4CA}.Debug|Win32.ActiveCfg = Debug|Win32
		{B6AE0B93-FECA-1BAD-701A-2E512E45D4CA}.Debug|Win32.Build.0 = Debug|Win32
		{B6AE0B93-FECA-1BAD-701A-2E512E45D4CA}.Debug|x64.ActiveCfg = Debug|x64
		{B6AE0B93-FECA-1BAD-701A-2E512E45D4CA}.Debug|x64.Build.0 = Debug|x64
		{B6AE0B93-FECA-1BAD-701A-2E512E45D4CA}.Release|Win32.ActiveCfg = Release|Win32
		{B6AE0B93-FECA-1BAD-701A-2E512E45D4CA}.Release|Win32.Build.0 = Release|Win32
		{B6AE0B93-FECA-1BAD-701A-2E512E45D4CA}.Release|x64.ActiveCfg = Release|x64
		{B6AE0B93-FECA-1BAD-701A-2E512E45D4CA}.Release|x64.Build.0 = Release|x64
		{EB8FF8FA-FECA-1BAD-701A-2E512E45D4CA}.Debug|Win32.ActiveCfg = Debug|Win32
		{EB8FF8FA-FECA-1BAD-701A-2E512E45D4CA}.Debug|Win32.Build.0 = Debug|Win32
		{EB8FF8FA-FECA-1BAD-701A-2E512E45D4CA}.Debug|x64.ActiveCfg = Debug|x64
		{EB8FF8FA-FECA-1BAD-701A-2E512E45D4CA}.Debug|x64.Build.0 = Debug|x64
		{EB8FF8FA-FECA-1BAD-701A-2E512E45D4CA}.Release|Win32.ActiveCfg = Release|Win32
		{EB8FF8FA-FECA-1BAD-701A-2E512E45D4CA}.Release|Win32.Build.0 = Release|Win32
		{EB8FF8FA-FECA-1BAD-701A-2E512E45D4CA}.Release|x64.ActiveCfg = Release|x64
		{EB8FF8FA-FECA-1BAD-701A-2E512E45D4CA}.Release|x64.Build.0 = Release|x64
		{10F4AFD1-FECA-1BAD-701A-2E512E45D4CA}.Debug|Win32.ActiveCfg = Debug|Win32
		{10F4AFD1-FECA-1BAD-701A-2E512E45D4CA}.Debug|Win32.Build.0 = Debug|Win32
		{10F4AFD1-FECA-1BAD-701A-2E512E45D4CA}.Debug|x64.ActiveCfg = Debug|x64
		{10F4AFD1-FECA-1BAD-701A-2E512E45D4CA}.Debug|x64.Build.0 = Debug|x64
		{10F4AFD1-FECA-1BAD-701A-2E512E45D4CA}.Release|Win32.ActiveCfg = Release|Win32
		{10F4AFD1-FECA-1BAD-701A-2E512E45D4CA}.Release|Win32.Build.0 = Release|Win32
		{10F4AFD1-FECA-1BAD-701A-2E512E45D4CA}.Release|x64.ActiveCfg = Release|x64
		{10F4AFD1-FECA-1BAD-701A-2E512E45D4CA}.Release|x64.Build.0 = Release|x64
		{EA987F8A-FECA-1BAD-701A-2E512E45D4CA}.Debug|Win32.ActiveCfg = Debug|Win32
		{EA987F8A-FECA-1BAD-701A-2E512E45D4CA}.Debug|Win32.Build.0 = Debug|Win32
		{EA987F8A-FECA-1BAD-701A-2E512E45D4CA}.Debug|x64.ActiveCfg = Debug|x64
		{EA987F8A-FECA-1BAD-701A-2E512E45D4CA}.Debug|x64.Build.0 = Debug|x64
		{EA987F8A-FECA-1BAD-701A-2E512E45D4CA}.Release|Win32.ActiveCfg = Release|Win32
		{EA987F8A-FECA-1BAD-701A-2E512E45D4CA}.Release|Win32.Build.0 = Release|Win32
		{EA987F8A-FECA-1BAD-701A-2E512E45D4CA}.Release|x64.ActiveCfg = Release|x64
		{EA987F8A-FECA-1BAD-701A-2E512E45D4CA}.Release|x64.Build.0 = Release|x64
		{2A170B04-FECA-1BAD-701A-2E512E45D4CA}.Debug|Win32.ActiveCfg = Debug|Win32
		{2A170B04-FECA-1BAD-701A-2E512E45D4CA}.Debug|Win32.Build.0 = Debug|Win32
		{2A170B04-FECA-1BAD-701A-2E512E45D4CA}.Debug|x64.ActiveCfg = Debug|x64
		{2A170B04-FECA-1BAD-701A-2E512E45D4CA}.Debug|x64.Build.0 = Debug|x64
		{2A170B04-FECA-1BAD-701A-2E512E45D4CA}.Release|Win32.ActiveCfg = Release|Win32
		{2A170B04-FECA-1BAD-701A-2E512E45D4CA}.Release|Win32.Build.0 = Release|Win32
		{2A170B04-FECA-1BAD-701A-2E512E45D4CA}.Release|x64.ActiveCfg = Release|x64
		{2A170B04-FECA-1BAD-701A-2E512E45D4CA}.Release|x64.Build.0 = Release|x64
		{76DC5F18-FECA-1BAD-701A-2E512E45D4CA}.Debug|Win32.ActiveCfg = Debug|Win32
		{76DC5F18-FECA-1BAD-701A-2E512E45D4CA}.Debug|Win32.Build.0 = Debug|Win32
		{76DC5F18-FECA-1BAD-701A-2E512E45D4CA}.Debug|x64.ActiveCfg = Debug|x64
		{76DC5F18-FECA-1BAD-701A-2E512E45D4CA}.Debug|x64.Build.0 = Debug|x64
		{76DC5F18-FECA-1BAD-701A-2E512E45D4CA}.Release|Win32.ActiveCfg = Release|Win32
		{76DC5F18-FECA-1BAD-701A-2E512E45D4CA}.Release|Win32.Build.0 = Release|Win32
		{76DC5F18-FECA-1BAD-701A-2E512E45D4CA}.Release|x64.ActiveCfg = Release|x64
		{76DC5F18-FECA-1BAD-701A-2E512E45D4CA}.Release|x64.Build.0 = Release|x64
		{5A6E7EF7-FECA-1BAD-701A-2E512E45D4CA}.Debug|Win32.ActiveCfg = Debug|Win32
		{5A6E7EF7-FECA-1BAD-701A-2E512E45D4CA}.Debug|Win32.Build.0 = Debug|Win32
		{5A6E7EF7-FECA-1BAD-701A-2E512E45D4CA}.Debug|x64.ActiveCfg = Debug|x64
		{5A6E7EF7-FECA-1BAD-701A-2E512E45D4CA}.Debug|x64.Build.0 = Debug|x64
		{5A6E7EF7-FECA-1BAD-701A-2E512E45D4CA}.Release|Win32.ActiveCfg = Release|Win32
		{5A6E7EF7-FECA-1BAD-701A-2E512E45D4CA}.Release|Win32.Build.0 = Release|Win32
		{5A6E7EF7-FECA-1BAD-701A-2E512E45D4CA}.Release|x64.ActiveCfg = Release|x64
		{5A6E7EF7-FECA-1BAD-701A-2E512E45D4CA}.Release|x64.Build.0 = Release|x64
		{B2D150A0-FECA-1BAD-701A-2E512E45D4CA}.Debug|Win32.ActiveCfg = Debug|Win32
		{B2D150A0-FECA-1BAD-701A-2E512E45D4CA}.Debug|Win32.Build.0 = Debug|Win32
		{B2D150A0-FECA-1BAD-701A-2E512E45D4CA}.Debug|x64.ActiveCfg = Debug|x64
		{B2D150A0-FECA-1BAD-701A-2E512E45D4CA}.Debug|x64.Build.0 = Debug|x64
		{B2D150A0-FECA-1BAD-701A-2E512E45D4CA}.Release|Win32.ActiveCfg = Release|Win32
		{B2D150A0-FECA-1BAD-701A-2E512E45D4CA}.Release|Win32.Build.0 = Release|Win32
		{B2D150A0-FECA-1BAD-701A-2E512E45D4CA}.Release|x64.ActiveCfg = Release|x64
		{B2D150A0-FECA-1BAD-701A-2E512E45D4CA}.Release|x64.Build.0 = Release|x64
		{2EDA9FA0-FECA-1BAD-701A-2E512E45D4CA}.Debug|Win32.ActiveCfg = Debug|Win32
		{2EDA9FA0-FECA-1BAD-701A-2E512E45D4CA}.Debug|Win32.Build.0 = Debug|Win32
		{2EDA9FA0-FECA-1BAD-701A-2E512E45D4CA}.Debug|x64.ActiveCfg = Debug|x64
		{2EDA9FA0-FECA-1BAD-701A-2E512E45D4CA}.Debug|x64.Build.0 = Debug|x64
		{2EDA9FA0-FECA-1BAD-701A-2E512E45D4CA}.Release|Win32.ActiveCfg = Release|Win32
		{2EDA9FA0-FECA-1BAD-701A-2E512E45D4CA}.Release|Win32.Build.0 = Release|Win32
		{2EDA9FA0-FECA-1BAD-701A-2E512E45D4CA}.Release|x64.ActiveCfg = Release|x64
		{2EDA9FA0-FECA-1BAD-701A-2E512E45D4CA}.Release|x64.Build.0 = Release|x64
		{81B72E1A-FECA-1BAD-701A-2E512E45D4CA}.Debug|Win32.ActiveCfg = Debug|Win32
		{81B72E1A-FECA-1BAD-701A-2E512E45D4CA}.Debug|Win32.Build.0 = Debug|Win32
		{81B72E1A-FECA-1BAD-701A-2E512E45D4CA}.Debug|x64.ActiveCfg = Debug|x64
		{81B72E1A-FECA-1BAD-701A-2E512E45D4CA}.Debug|x64.Build.0 = Debug|x64
		{81B72E1A-FECA-1BAD-701A-2E512E45D4CA}.Release|Win32.ActiveCfg = Release|Win32
		{81B72E1A-FECA-1BAD-701A-2E512E45D4CA}.Release|Win32.Build.0 = Release|Win32
		{81B72E1A-FECA-1BAD-701A-2E512E45D4CA}.Release|x64.ActiveCfg = Release|x64
		{81B72E1A-FECA-1BAD-701A-2E512E45D4CA}.Release|x64.Build.0 = Release|x64
	EndGlobalSection
	GlobalSection(SolutionProperties) = preSolution
		HideSolutionNode = FALSE
	EndGlobalSection
EndGlobal
