<?xml version="1.0" encoding="utf-8"?>
<Project ToolsVersion="4.0" xmlns="http://schemas.microsoft.com/developer/msbuild/2003">
  <ItemGroup>
    <Filter Include="Source Files">
      <UniqueIdentifier>{4FC737F1-C7A5-4376-A066-2A32D752A2FF}</UniqueIdentifier>
      <Extensions>cpp;c;cc;cxx;def;odl;idl;hpj;bat;asm;asmx</Extensions>
    </Filter>
    <Filter Include="Header Files">
      <UniqueIdentifier>{93995380-89BD-4b04-88EB-625FBE52EBFB}</UniqueIdentifier>
      <Extensions>h;hpp;hxx;hm;inl;inc;xsd</Extensions>
    </Filter>
    <Filter Include="Resource Files">
      <UniqueIdentifier>{67DA6AB6-F800-4c08-8B7A-83BB121AAD01}</UniqueIdentifier>
      <Extensions>rc;ico;cur;bmp;dlg;rc2;rct;bin;rgs;gif;jpg;jpeg;jpe;resx;tiff;tif;png;wav</Extensions>
    </Filter>
  </ItemGroup>
  <ItemGroup>
    <ClCompile Include="src\openflow\COFPAsyncConfig.cpp">
      <Filter>Source Files</Filter>
    </ClCompile>
    <ClCompile Include="src\openflow\COFPGroupModMsg.cpp">
      <Filter>Source Files</Filter>
    </ClCompile>
    <ClCompile Include="src\openflow\COFPMPDescriptionMsg.cpp">
      <Filter>Source Files</Filter>
    </ClCompile>
    <ClCompile Include="src\openflow\COFP10Action.cpp">
      <Filter>Source Files</Filter>
    </ClCompile>
    <ClCompile Include="src\openflow\COFPSwitchConfig.cpp">
      <Filter>Source Files</Filter>
    </ClCompile>
    <ClCompile Include="src\openflow\COFPMPQueueStatisticsMsg.cpp">
      <Filter>Source Files</Filter>
    </ClCompile>
    <ClCompile Include="src\openflow\COFPErrorMsg.cpp">
      <Filter>Source Files</Filter>
    </ClCompile>
    <ClCompile Include="src\openflow\COFPMeterBand.cpp">
      <Filter>Source Files</Filter>
    </ClCompile>
    <ClCompile Include="src\openflow\COFPMPMeterFeaturesStatisticsMsg.cpp">
      <Filter>Source Files</Filter>
    </ClCompile>
    <ClCompile Include="src\openflow\COFPPort.cpp">
      <Filter>Source Files</Filter>
    </ClCompile>
    <ClCompile Include="src\openflow\COFPExperimenterMsg.cpp">
      <Filter>Source Files</Filter>
    </ClCompile>
    <ClCompile Include="src\openflow\COFPMultipartMsg.cpp">
      <Filter>Source Files</Filter>
    </ClCompile>
    <ClCompile Include="src\openflow\COFPRoleMsg.cpp">
      <Filter>Source Files</Filter>
    </ClCompile>
    <ClCompile Include="src\openflow\COFPFlowRemovedMsg.cpp">
      <Filter>Source Files</Filter>
    </ClCompile>
    <ClCompile Include="src\openflow\COFPMPGroupStatisticsMsg.cpp">
      <Filter>Source Files</Filter>
    </ClCompile>
    <ClCompile Include="src\openflow\COFPMPMeterStatisticsMsg.cpp">
      <Filter>Source Files</Filter>
    </ClCompile>
    <ClCompile Include="src\openflow\COFPMatch.cpp">
      <Filter>Source Files</Filter>
    </ClCompile>
    <ClCompile Include="src\openflow\COFPMPTableStatisticsMsg.cpp">
      <Filter>Source Files</Filter>
    </ClCompile>
    <ClCompile Include="src\openflow\COFPMPGroupFeaturesMsg.cpp">
      <Filter>Source Files</Filter>
    </ClCompile>
    <ClCompile Include="src\openflow\COFPFeaturesRequestMsg.cpp">
      <Filter>Source Files</Filter>
    </ClCompile>
    <ClCompile Include="src\openflow\COFPMPGroupDescriptionMsg.cpp">
      <Filter>Source Files</Filter>
    </ClCompile>
    <ClCompile Include="src\openflow\COFPTableModMsg.cpp">
      <Filter>Source Files</Filter>
    </ClCompile>
    <ClCompile Include="src\openflow\COFPMPTableFeaturesMsg.cpp">
      <Filter>Source Files</Filter>
    </ClCompile>
    <ClCompile Include="src\openflow\COFPBucket.cpp">
      <Filter>Source Files</Filter>
    </ClCompile>
    <ClCompile Include="src\openflow\COFPPacketQueue.cpp">
      <Filter>Source Files</Filter>
    </ClCompile>
    <ClCompile Include="src\openflow\COFPFlowModMsg.cpp">
      <Filter>Source Files</Filter>
    </ClCompile>
    <ClCompile Include="src\openflow\COFPMPPortDescriptionMsg.cpp">
      <Filter>Source Files</Filter>
    </ClCompile>
    <ClCompile Include="src\openflow\OFPMessageUtils.cpp">
      <Filter>Source Files</Filter>
    </ClCompile>
    <ClCompile Include="src\openflow\COFPPortModMsg.cpp">
      <Filter>Source Files</Filter>
    </ClCompile>
    <ClCompile Include="src\openflow\COFPStatsRequestMsg.cpp">
      <Filter>Source Files</Filter>
    </ClCompile>
    <ClCompile Include="src\openflow\COFPQueueGetConfigRequestMsg.cpp">
      <Filter>Source Files</Filter>
    </ClCompile>
    <ClCompile Include="src\openflow\COFPMPPortStatisticsMsg.cpp">
      <Filter>Source Files</Filter>
    </ClCompile>
    <ClCompile Include="src\openflow\COFPPortStatusMsg.cpp">
      <Filter>Source Files</Filter>
    </ClCompile>
    <ClCompile Include="src\openflow\COFPMPFlowStatisticsMsg.cpp">
      <Filter>Source Files</Filter>
    </ClCompile>
    <ClCompile Include="src\openflow\COFPMPAggregateFlowStatisticsMsg.cpp">
      <Filter>Source Files</Filter>
    </ClCompile>
    <ClCompile Include="src\openflow\COFPEchoReplyMsg.cpp">
      <Filter>Source Files</Filter>
    </ClCompile>
    <ClCompile Include="src\openflow\COFPInstruction.cpp">
      <Filter>Source Files</Filter>
    </ClCompile>
    <ClCompile Include="src\openflow\COFPAction.cpp">
      <Filter>Source Files</Filter>
    </ClCompile>
    <ClCompile Include="src\openflow\COFPGetConfigRequestMsg.cpp">
      <Filter>Source Files</Filter>
    </ClCompile>
    <ClCompile Include="src\openflow\COFPQueueGetConfigReplyMsg.cpp">
      <Filter>Source Files</Filter>
    </ClCompile>
    <ClCompile Include="src\openflow\COFPHelloMsg.cpp">
      <Filter>Source Files</Filter>
    </ClCompile>
    <ClCompile Include="src\openflow\COFPStatsMsgHeader.cpp">
      <Filter>Source Files</Filter>
    </ClCompile>
    <ClCompile Include="src\openflow\COFPTableFeatureProp.cpp">
      <Filter>Source Files</Filter>
    </ClCompile>
    <ClCompile Include="src\openflow\COFPMPMeterConfigStatisticsMsg.cpp">
      <Filter>Source Files</Filter>
    </ClCompile>
    <ClCompile Include="src\openflow\COFPEchoRequestMsg.cpp">
      <Filter>Source Files</Filter>
    </ClCompile>
    <ClCompile Include="src\openflow\COFPMessage.cpp">
      <Filter>Source Files</Filter>
    </ClCompile>
    <ClCompile Include="src\openflow\COFPFeaturesReplyMsg.cpp">
      <Filter>Source Files</Filter>
    </ClCompile>
    <ClCompile Include="src\openflow\COFPStatsReplyMsg.cpp">
      <Filter>Source Files</Filter>
    </ClCompile>
    <ClCompile Include="src\openflow\COFPPacketInMsg.cpp">
      <Filter>Source Files</Filter>
    </ClCompile>
    <ClCompile Include="src\openflow\COFPPacketOutMsg.cpp">
      <Filter>Source Files</Filter>
    </ClCompile>
    <ClCompile Include="src\openflow\COFPMeterModMsg.cpp">
      <Filter>Source Files</Filter>
    </ClCompile>
    <ClCompile Include="src\ofconnector\COfConnector.cpp">
      <Filter>Source Files</Filter>
    </ClCompile>
  </ItemGroup>
  <ItemGroup>
    <ClInclude Include="include\version.h">
      <Filter>Header Files</Filter>
    </ClInclude>
    <ClInclude Include="include\openflow\COFPStatsMsgHeader.h">
      <Filter>Header Files</Filter>
    </ClInclude>
    <ClInclude Include="include\openflow\openflow-1.1.h">
      <Filter>Header Files</Filter>
    </ClInclude>
    <ClInclude Include="include\openflow\COFPGroupModMsg.h">
      <Filter>Header Files</Filter>
    </ClInclude>
    <ClInclude Include="include\openflow\COFPPacketQueue.h">
      <Filter>Header Files</Filter>
    </ClInclude>
    <ClInclude Include="include\openflow\COFPQueueGetConfigReplyMsg.h">
      <Filter>Header Files</Filter>
    </ClInclude>
    <ClInclude Include="include\openflow\COFPAction.h">
      <Filter>Header Files</Filter>
    </ClInclude>
    <ClInclude Include="include\openflow\COFPEchoReplyMsg.h">
      <Filter>Header Files</Filter>
    </ClInclude>
    <ClInclude Include="include\openflow\COFPMPQueueStatisticsMsg.h">
      <Filter>Header Files</Filter>
    </ClInclude>
    <ClInclude Include="include\openflow\COFPMultipartMsg.h">
      <Filter>Header Files</Filter>
    </ClInclude>
    <ClInclude Include="include\openflow\COFPMPAggregateFlowStatisticsMsg.h">
      <Filter>Header Files</Filter>
    </ClInclude>
    <ClInclude Include="include\openflow\COFPTableFeatureProp.h">
      <Filter>Header Files</Filter>
    </ClInclude>
    <ClInclude Include="include\openflow\COFPMPPortDescriptionMsg.h">
      <Filter>Header Files</Filter>
    </ClInclude>
    <ClInclude Include="include\openflow\COFPBucket.h">
      <Filter>Header Files</Filter>
    </ClInclude>
    <ClInclude Include="include\openflow\COFPFlowModMsg.h">
      <Filter>Header Files</Filter>
    </ClInclude>
    <ClInclude Include="include\openflow\COFPMatch.h">
      <Filter>Header Files</Filter>
    </ClInclude>
    <ClInclude Include="include\openflow\openflow.h">
      <Filter>Header Files</Filter>
    </ClInclude>
    <ClInclude Include="include\openflow\COFPMPTableStatisticsMsg.h">
      <Filter>Header Files</Filter>
    </ClInclude>
    <ClInclude Include="include\openflow\COFPAsyncConfig.h">
      <Filter>Header Files</Filter>
    </ClInclude>
    <ClInclude Include="include\openflow\COFPMPPortStatisticsMsg.h">
      <Filter>Header Files</Filter>
    </ClInclude>
    <ClInclude Include="include\openflow\COFPMPFlowStatisticsMsg.h">
      <Filter>Header Files</Filter>
    </ClInclude>
    <ClInclude Include="include\openflow\COFPPort.h">
      <Filter>Header Files</Filter>
    </ClInclude>
    <ClInclude Include="include\openflow\COFPStatsReplyMsg.h">
      <Filter>Header Files</Filter>
    </ClInclude>
    <ClInclude Include="include\openflow\COFPPortModMsg.h">
      <Filter>Header Files</Filter>
    </ClInclude>
    <ClInclude Include="include\openflow\COFPQueueGetConfigRequestMsg.h">
      <Filter>Header Files</Filter>
    </ClInclude>
    <ClInclude Include="include\openflow\COFPMPTableFeaturesMsg.h">
      <Filter>Header Files</Filter>
    </ClInclude>
    <ClInclude Include="include\openflow\COFPMessage.h">
      <Filter>Header Files</Filter>
    </ClInclude>
    <ClInclude Include="include\openflow\COFPPacketOutMsg.h">
      <Filter>Header Files</Filter>
    </ClInclude>
    <ClInclude Include="include\openflow\COFPMPMeterFeaturesStatisticsMsg.h">
      <Filter>Header Files</Filter>
    </ClInclude>
    <ClInclude Include="include\openflow\openflow-1.0.h">
      <Filter>Header Files</Filter>
    </ClInclude>
    <ClInclude Include="include\openflow\COFPMPDescriptionMsg.h">
      <Filter>Header Files</Filter>
    </ClInclude>
    <ClInclude Include="include\openflow\COFPGetAsyncReplyMsg.h">
      <Filter>Header Files</Filter>
    </ClInclude>
    <ClInclude Include="include\openflow\COFPTableModMsg.h">
      <Filter>Header Files</Filter>
    </ClInclude>
    <ClInclude Include="include\openflow\COFPGetAsyncRequestMsg.h">
      <Filter>Header Files</Filter>
    </ClInclude>
    <ClInclude Include="include\openflow\COFPGetConfigRequestMsg.h">
      <Filter>Header Files</Filter>
    </ClInclude>
    <ClInclude Include="include\openflow\COFPSwitchConfig.h">
      <Filter>Header Files</Filter>
    </ClInclude>
    <ClInclude Include="include\openflow\COFPHelloMsg.h">
      <Filter>Header Files</Filter>
    </ClInclude>
    <ClInclude Include="include\openflow\COFPMPMeterConfigStatisticsMsg.h">
      <Filter>Header Files</Filter>
    </ClInclude>
    <ClInclude Include="include\openflow\BaseDefine.h">
      <Filter>Header Files</Filter>
    </ClInclude>
    <ClInclude Include="include\openflow\openflow-1.2.h">
      <Filter>Header Files</Filter>
    </ClInclude>
    <ClInclude Include="include\openflow\CmError.h">
      <Filter>Header Files</Filter>
    </ClInclude>
    <ClInclude Include="include\openflow\COFPRoleMsg.h">
      <Filter>Header Files</Filter>
    </ClInclude>
    <ClInclude Include="include\openflow\COFPExperimenterMsg.h">
      <Filter>Header Files</Filter>
    </ClInclude>
    <ClInclude Include="include\openflow\COFPFlowRemovedMsg.h">
      <Filter>Header Files</Filter>
    </ClInclude>
    <ClInclude Include="include\openflow\COFPSetConfigMsg.h">
      <Filter>Header Files</Filter>
    </ClInclude>
    <ClInclude Include="include\openflow\COFPMPGroupDescriptionMsg.h">
      <Filter>Header Files</Filter>
    </ClInclude>
    <ClInclude Include="include\openflow\COFPSetAsyncMsg.h">
      <Filter>Header Files</Filter>
    </ClInclude>
    <ClInclude Include="include\openflow\COFP10Action.h">
      <Filter>Header Files</Filter>
    </ClInclude>
    <ClInclude Include="include\openflow\COFPGetConfigReplyMsg.h">
      <Filter>Header Files</Filter>
    </ClInclude>
    <ClInclude Include="include\openflow\COFPErrorMsg.h">
      <Filter>Header Files</Filter>
    </ClInclude>
    <ClInclude Include="include\openflow\COFPStatsRequestMsg.h">
      <Filter>Header Files</Filter>
    </ClInclude>
    <ClInclude Include="include\openflow\COFPFeaturesReplyMsg.h">
      <Filter>Header Files</Filter>
    </ClInclude>
    <ClInclude Include="include\openflow\COFPPortStatusMsg.h">
      <Filter>Header Files</Filter>
    </ClInclude>
    <ClInclude Include="include\openflow\COFPPacketInMsg.h">
      <Filter>Header Files</Filter>
    </ClInclude>
    <ClInclude Include="include\openflow\OFPMessageUtils.h">
      <Filter>Header Files</Filter>
    </ClInclude>
    <ClInclude Include="include\openflow\COFPMPExperimenterMsg.h">
      <Filter>Header Files</Filter>
    </ClInclude>
    <ClInclude Include="include\openflow\types.h">
      <Filter>Header Files</Filter>
    </ClInclude>
    <ClInclude Include="include\openflow\COFPMeterModMsg.h">
      <Filter>Header Files</Filter>
    </ClInclude>
    <ClInclude Include="include\openflow\IOFPMsgParser.h">
      <Filter>Header Files</Filter>
    </ClInclude>
    <ClInclude Include="include\openflow\openflow-1.3.h">
      <Filter>Header Files</Filter>
    </ClInclude>
    <ClInclude Include="include\openflow\COFPEchoRequestMsg.h">
      <Filter>Header Files</Filter>
    </ClInclude>
    <ClInclude Include="include\openflow\COFPInstruction.h">
      <Filter>Header Files</Filter>
    </ClInclude>
    <ClInclude Include="include\openflow\COFPBarrierMsg.h">
      <Filter>Header Files</Filter>
    </ClInclude>
    <ClInclude Include="include\openflow\COFPMPGroupFeaturesMsg.h">
      <Filter>Header Files</Filter>
    </ClInclude>
    <ClInclude Include="include\openflow\openflow-common.h">
      <Filter>Header Files</Filter>
    </ClInclude>
    <ClInclude Include="include\openflow\COFPFeaturesRequestMsg.h">
      <Filter>Header Files</Filter>
    </ClInclude>
    <ClInclude Include="include\openflow\COFPMeterBand.h">
      <Filter>Header Files</Filter>
    </ClInclude>
    <ClInclude Include="include\openflow\COFPMPGroupStatisticsMsg.h">
      <Filter>Header Files</Filter>
    </ClInclude>
    <ClInclude Include="include\openflow\ByteOrder.h">
      <Filter>Header Files</Filter>
    </ClInclude>
    <ClInclude Include="include\openflow\COFPMPMeterStatisticsMsg.h">
      <Filter>Header Files</Filter>
    </ClInclude>
    <ClInclude Include="include\ofconnector\COfConnector.h">
      <Filter>Header Files</Filter>
    </ClInclude>
    <ClInclude Include="config\mconfig.h">
      <Filter>Header Files</Filter>
    </ClInclude>
  </ItemGroup>
</Project>