
Microsoft Visual Studio Solution File, Format Version 11.00
# Visual Studio 2011
# $Id: VC11WorkspaceCreator.pm 2074 2011-12-20 11:43:14Z johnnyw $
#
# This file was generated by MPC.  Any changes made directly to
# this file will be lost the next time it is generated.
#
# MPC Command:
# /home/build/DOC_ROOT/stage-1365/ACE_wrappers/bin/mwc.pl -type vc11 -exclude TAO/CIAO/CIAO_TAO_DAnCE_OpenDDS.mwc,TAO/CIAO/CIAO_TAO_OpenDDS.mwc,TAO/CIAO/CIAO_TAO_DAnCE_OpenDDS_shapes.mwc -recurse -hierarchy -relative ACE_ROOT=/home/build/DOC_ROOT/stage-1365/ACE_wrappers -relative TAO_ROOT=/home/build/DOC_ROOT/stage-1365/ACE_wrappers/TAO -relative CIAO_ROOT=/home/build/DOC_ROOT/stage-1365/ACE_wrappers/TAO/CIAO -relative DANCE_ROOT=/home/build/DOC_ROOT/stage-1365/ACE_wrappers/TAO/DAnCE -workers 12 -name_modifier "*_vc11"
Project("{8BC9CEB8-8B4A-11D0-8D11-00A0C91BC942}") = "SPIPE_SAP_Client", "SPIPE_SAP_Client_vc11.vcxproj", "{8EBFAF07-FECA-1BAD-A714-C623708DC274}"
EndProject
Project("{8BC9CEB8-8B4A-11D0-8D11-00A0C91BC942}") = "SPIPE_SAP_Consumer_Msg", "SPIPE_SAP_Consumer_Msg_vc11.vcxproj", "{6C78F76A-FECA-1BAD-A714-C623708DC274}"
EndProject
Project("{8BC9CEB8-8B4A-11D0-8D11-00A0C91BC942}") = "SPIPE_SAP_Consumer_Read", "SPIPE_SAP_Consumer_Read_vc11.vcxproj", "{B9E64ED1-FECA-1BAD-A714-C623708DC274}"
EndProject
Project("{8BC9CEB8-8B4A-11D0-8D11-00A0C91BC942}") = "SPIPE_SAP_NPClient", "SPIPE_SAP_NPClient_vc11.vcxproj", "{3A5B53E0-FECA-1BAD-A714-C623708DC274}"
EndProject
Project("{8BC9CEB8-8B4A-11D0-8D11-00A0C91BC942}") = "SPIPE_SAP_NPServer", "SPIPE_SAP_NPServer_vc11.vcxproj", "{013B436A-FECA-1BAD-A714-C623708DC274}"
EndProject
Project("{8BC9CEB8-8B4A-11D0-8D11-00A0C91BC942}") = "SPIPE_SAP_Producer_Msg", "SPIPE_SAP_Producer_Msg_vc11.vcxproj", "{BC081778-FECA-1BAD-A714-C623708DC274}"
EndProject
Project("{8BC9CEB8-8B4A-11D0-8D11-00A0C91BC942}") = "SPIPE_SAP_Producer_Read", "SPIPE_SAP_Producer_Read_vc11.vcxproj", "{BEE84FFC-FECA-1BAD-A714-C623708DC274}"
EndProject
Project("{8BC9CEB8-8B4A-11D0-8D11-00A0C91BC942}") = "SPIPE_SAP_Server", "SPIPE_SAP_Server_vc11.vcxproj", "{B5DFBF8D-FECA-1BAD-A714-C623708DC274}"
EndProject
Global
	GlobalSection(SolutionConfigurationPlatforms) = preSolution
		Debug|Win32 = Debug|Win32
		Debug|x64 = Debug|x64
		Release|Win32 = Release|Win32
		Release|x64 = Release|x64
	EndGlobalSection
	GlobalSection(ProjectConfigurationPlatforms) = postSolution
		{8EBFAF07-FECA-1BAD-A714-C623708DC274}.Debug|Win32.ActiveCfg = Debug|Win32
		{8EBFAF07-FECA-1BAD-A714-C623708DC274}.Debug|Win32.Build.0 = Debug|Win32
		{8EBFAF07-FECA-1BAD-A714-C623708DC274}.Debug|x64.ActiveCfg = Debug|x64
		{8EBFAF07-FECA-1BAD-A714-C623708DC274}.Debug|x64.Build.0 = Debug|x64
		{8EBFAF07-FECA-1BAD-A714-C623708DC274}.Release|Win32.ActiveCfg = Release|Win32
		{8EBFAF07-FECA-1BAD-A714-C623708DC274}.Release|Win32.Build.0 = Release|Win32
		{8EBFAF07-FECA-1BAD-A714-C623708DC274}.Release|x64.ActiveCfg = Release|x64
		{8EBFAF07-FECA-1BAD-A714-C623708DC274}.Release|x64.Build.0 = Release|x64
		{6C78F76A-FECA-1BAD-A714-C623708DC274}.Debug|Win32.ActiveCfg = Debug|Win32
		{6C78F76A-FECA-1BAD-A714-C623708DC274}.Debug|Win32.Build.0 = Debug|Win32
		{6C78F76A-FECA-1BAD-A714-C623708DC274}.Debug|x64.ActiveCfg = Debug|x64
		{6C78F76A-FECA-1BAD-A714-C623708DC274}.Debug|x64.Build.0 = Debug|x64
		{6C78F76A-FECA-1BAD-A714-C623708DC274}.Release|Win32.ActiveCfg = Release|Win32
		{6C78F76A-FECA-1BAD-A714-C623708DC274}.Release|Win32.Build.0 = Release|Win32
		{6C78F76A-FECA-1BAD-A714-C623708DC274}.Release|x64.ActiveCfg = Release|x64
		{6C78F76A-FECA-1BAD-A714-C623708DC274}.Release|x64.Build.0 = Release|x64
		{B9E64ED1-FECA-1BAD-A714-C623708DC274}.Debug|Win32.ActiveCfg = Debug|Win32
		{B9E64ED1-FECA-1BAD-A714-C623708DC274}.Debug|Win32.Build.0 = Debug|Win32
		{B9E64ED1-FECA-1BAD-A714-C623708DC274}.Debug|x64.ActiveCfg = Debug|x64
		{B9E64ED1-FECA-1BAD-A714-C623708DC274}.Debug|x64.Build.0 = Debug|x64
		{B9E64ED1-FECA-1BAD-A714-C623708DC274}.Release|Win32.ActiveCfg = Release|Win32
		{B9E64ED1-FECA-1BAD-A714-C623708DC274}.Release|Win32.Build.0 = Release|Win32
		{B9E64ED1-FECA-1BAD-A714-C623708DC274}.Release|x64.ActiveCfg = Release|x64
		{B9E64ED1-FECA-1BAD-A714-C623708DC274}.Release|x64.Build.0 = Release|x64
		{3A5B53E0-FECA-1BAD-A714-C623708DC274}.Debug|Win32.ActiveCfg = Debug|Win32
		{3A5B53E0-FECA-1BAD-A714-C623708DC274}.Debug|Win32.Build.0 = Debug|Win32
		{3A5B53E0-FECA-1BAD-A714-C623708DC274}.Debug|x64.ActiveCfg = Debug|x64
		{3A5B53E0-FECA-1BAD-A714-C623708DC274}.Debug|x64.Build.0 = Debug|x64
		{3A5B53E0-FECA-1BAD-A714-C623708DC274}.Release|Win32.ActiveCfg = Release|Win32
		{3A5B53E0-FECA-1BAD-A714-C623708DC274}.Release|Win32.Build.0 = Release|Win32
		{3A5B53E0-FECA-1BAD-A714-C623708DC274}.Release|x64.ActiveCfg = Release|x64
		{3A5B53E0-FECA-1BAD-A714-C623708DC274}.Release|x64.Build.0 = Release|x64
		{013B436A-FECA-1BAD-A714-C623708DC274}.Debug|Win32.ActiveCfg = Debug|Win32
		{013B436A-FECA-1BAD-A714-C623708DC274}.Debug|Win32.Build.0 = Debug|Win32
		{013B436A-FECA-1BAD-A714-C623708DC274}.Debug|x64.ActiveCfg = Debug|x64
		{013B436A-FECA-1BAD-A714-C623708DC274}.Debug|x64.Build.0 = Debug|x64
		{013B436A-FECA-1BAD-A714-C623708DC274}.Release|Win32.ActiveCfg = Release|Win32
		{013B436A-FECA-1BAD-A714-C623708DC274}.Release|Win32.Build.0 = Release|Win32
		{013B436A-FECA-1BAD-A714-C623708DC274}.Release|x64.ActiveCfg = Release|x64
		{013B436A-FECA-1BAD-A714-C623708DC274}.Release|x64.Build.0 = Release|x64
		{BC081778-FECA-1BAD-A714-C623708DC274}.Debug|Win32.ActiveCfg = Debug|Win32
		{BC081778-FECA-1BAD-A714-C623708DC274}.Debug|Win32.Build.0 = Debug|Win32
		{BC081778-FECA-1BAD-A714-C623708DC274}.Debug|x64.ActiveCfg = Debug|x64
		{BC081778-FECA-1BAD-A714-C623708DC274}.Debug|x64.Build.0 = Debug|x64
		{BC081778-FECA-1BAD-A714-C623708DC274}.Release|Win32.ActiveCfg = Release|Win32
		{BC081778-FECA-1BAD-A714-C623708DC274}.Release|Win32.Build.0 = Release|Win32
		{BC081778-FECA-1BAD-A714-C623708DC274}.Release|x64.ActiveCfg = Release|x64
		{BC081778-FECA-1BAD-A714-C623708DC274}.Release|x64.Build.0 = Release|x64
		{BEE84FFC-FECA-1BAD-A714-C623708DC274}.Debug|Win32.ActiveCfg = Debug|Win32
		{BEE84FFC-FECA-1BAD-A714-C623708DC274}.Debug|Win32.Build.0 = Debug|Win32
		{BEE84FFC-FECA-1BAD-A714-C623708DC274}.Debug|x64.ActiveCfg = Debug|x64
		{BEE84FFC-FECA-1BAD-A714-C623708DC274}.Debug|x64.Build.0 = Debug|x64
		{BEE84FFC-FECA-1BAD-A714-C623708DC274}.Release|Win32.ActiveCfg = Release|Win32
		{BEE84FFC-FECA-1BAD-A714-C623708DC274}.Release|Win32.Build.0 = Release|Win32
		{BEE84FFC-FECA-1BAD-A714-C623708DC274}.Release|x64.ActiveCfg = Release|x64
		{BEE84FFC-FECA-1BAD-A714-C623708DC274}.Release|x64.Build.0 = Release|x64
		{B5DFBF8D-FECA-1BAD-A714-C623708DC274}.Debug|Win32.ActiveCfg = Debug|Win32
		{B5DFBF8D-FECA-1BAD-A714-C623708DC274}.Debug|Win32.Build.0 = Debug|Win32
		{B5DFBF8D-FECA-1BAD-A714-C623708DC274}.Debug|x64.ActiveCfg = Debug|x64
		{B5DFBF8D-FECA-1BAD-A714-C623708DC274}.Debug|x64.Build.0 = Debug|x64
		{B5DFBF8D-FECA-1BAD-A714-C623708DC274}.Release|Win32.ActiveCfg = Release|Win32
		{B5DFBF8D-FECA-1BAD-A714-C623708DC274}.Release|Win32.Build.0 = Release|Win32
		{B5DFBF8D-FECA-1BAD-A714-C623708DC274}.Release|x64.ActiveCfg = Release|x64
		{B5DFBF8D-FECA-1BAD-A714-C623708DC274}.Release|x64.Build.0 = Release|x64
	EndGlobalSection
	GlobalSection(SolutionProperties) = preSolution
		HideSolutionNode = FALSE
	EndGlobalSection
EndGlobal
